
Microsoft Visual Studio Solution File, Format Version 12.00
# Visual Studio Version 16
VisualStudioVersion = 16.0.31129.286
MinimumVisualStudioVersion = 10.0.40219.1
Project("{FAE04EC0-301F-11D3-BF4B-00C04F79EFBC}") = "Metodos.cs", "Metodos.cs\Metodos.cs.csproj", "{DFB4C028-CC85-4ED6-8A92-CC30CE5A41B7}"
EndProject
Global
	GlobalSection(SolutionConfigurationPlatforms) = preSolution
		Debug|Any CPU = Debug|Any CPU
		Release|Any CPU = Release|Any CPU
	EndGlobalSection
	GlobalSection(ProjectConfigurationPlatforms) = postSolution
		{DFB4C028-CC85-4ED6-8A92-CC30CE5A41B7}.Debug|Any CPU.ActiveCfg = Debug|Any CPU
		{DFB4C028-CC85-4ED6-8A92-CC30CE5A41B7}.Debug|Any CPU.Build.0 = Debug|Any CPU
		{DFB4C028-CC85-4ED6-8A92-CC30CE5A41B7}.Release|Any CPU.ActiveCfg = Release|Any CPU
		{DFB4C028-CC85-4ED6-8A92-CC30CE5A41B7}.Release|Any CPU.Build.0 = Release|Any CPU
	EndGlobalSection
	GlobalSection(SolutionProperties) = preSolution
		HideSolutionNode = FALSE
	EndGlobalSection
	GlobalSection(ExtensibilityGlobals) = postSolution
		SolutionGuid = {FD88AB54-A962-4D25-9FE5-20C102BC1C75}
	EndGlobalSection
EndGlobal
